// !$*UTF8*$!
{
	archiveVersion = 1;
	classes = {
	};
	objectVersion = 56;
	objects = {

/* Begin PBXBuildFile section */
		6A8AEADD2A8C73E300F1AFF7 /* AppDelegate.swift in Sources */ = {isa = PBXBuildFile; fileRef = 6A8AEADC2A8C73E300F1AFF7 /* AppDelegate.swift */; };
		6A8AEADF2A8C73E300F1AFF7 /* SceneDelegate.swift in Sources */ = {isa = PBXBuildFile; fileRef = 6A8AEADE2A8C73E300F1AFF7 /* SceneDelegate.swift */; };
		6A8AEAE12A8C73E300F1AFF7 /* ViewController.swift in Sources */ = {isa = PBXBuildFile; fileRef = 6A8AEAE02A8C73E300F1AFF7 /* ViewController.swift */; };
		6A8AEAE42A8C73E300F1AFF7 /* Main.storyboard in Resources */ = {isa = PBXBuildFile; fileRef = 6A8AEAE22A8C73E300F1AFF7 /* Main.storyboard */; };
		6A8AEAE62A8C73E500F1AFF7 /* Assets.xcassets in Resources */ = {isa = PBXBuildFile; fileRef = 6A8AEAE52A8C73E500F1AFF7 /* Assets.xcassets */; };
		6A8AEAE92A8C73E500F1AFF7 /* LaunchScreen.storyboard in Resources */ = {isa = PBXBuildFile; fileRef = 6A8AEAE72A8C73E500F1AFF7 /* LaunchScreen.storyboard */; };
		6A8AEAF42A8C73E500F1AFF7 /* SSLPinningCertsTests.swift in Sources */ = {isa = PBXBuildFile; fileRef = 6A8AEAF32A8C73E500F1AFF7 /* SSLPinningCertsTests.swift */; };
		6A8AEAFE2A8C73E500F1AFF7 /* SSLPinningCertsUITests.swift in Sources */ = {isa = PBXBuildFile; fileRef = 6A8AEAFD2A8C73E500F1AFF7 /* SSLPinningCertsUITests.swift */; };
		6A8AEB002A8C73E500F1AFF7 /* SSLPinningCertsUITestsLaunchTests.swift in Sources */ = {isa = PBXBuildFile; fileRef = 6A8AEAFF2A8C73E500F1AFF7 /* SSLPinningCertsUITestsLaunchTests.swift */; };
		6A8AEB0D2A8C741700F1AFF7 /* NetworkManger.swift in Sources */ = {isa = PBXBuildFile; fileRef = 6A8AEB0C2A8C741700F1AFF7 /* NetworkManger.swift */; };
		6A8AEB0F2A8C7D5C00F1AFF7 /* sni.cloudflaressl.com.cer in Resources */ = {isa = PBXBuildFile; fileRef = 6A8AEB0E2A8C7D5C00F1AFF7 /* sni.cloudflaressl.com.cer */; };
/* End PBXBuildFile section */

/* Begin PBXContainerItemProxy section */
		6A8AEAF02A8C73E500F1AFF7 /* PBXContainerItemProxy */ = {
			isa = PBXContainerItemProxy;
			containerPortal = 6A8AEAD12A8C73E300F1AFF7 /* Project object */;
			proxyType = 1;
			remoteGlobalIDString = 6A8AEAD82A8C73E300F1AFF7;
			remoteInfo = SSLPinningCerts;
		};
		6A8AEAFA2A8C73E500F1AFF7 /* PBXContainerItemProxy */ = {
			isa = PBXContainerItemProxy;
			containerPortal = 6A8AEAD12A8C73E300F1AFF7 /* Project object */;
			proxyType = 1;
			remoteGlobalIDString = 6A8AEAD82A8C73E300F1AFF7;
			remoteInfo = SSLPinningCerts;
		};
/* End PBXContainerItemProxy section */

/* Begin PBXFileReference section */
		6A8AEAD92A8C73E300F1AFF7 /* SSLPinningCerts.app */ = {isa = PBXFileReference; explicitFileType = wrapper.application; includeInIndex = 0; path = SSLPinningCerts.app; sourceTree = BUILT_PRODUCTS_DIR; };
		6A8AEADC2A8C73E300F1AFF7 /* AppDelegate.swift */ = {isa = PBXFileReference; lastKnownFileType = sourcecode.swift; path = AppDelegate.swift; sourceTree = "<group>"; };
		6A8AEADE2A8C73E300F1AFF7 /* SceneDelegate.swift */ = {isa = PBXFileReference; lastKnownFileType = sourcecode.swift; path = SceneDelegate.swift; sourceTree = "<group>"; };
		6A8AEAE02A8C73E300F1AFF7 /* ViewController.swift */ = {isa = PBXFileReference; lastKnownFileType = sourcecode.swift; path = ViewController.swift; sourceTree = "<group>"; };
		6A8AEAE32A8C73E300F1AFF7 /* Base */ = {isa = PBXFileReference; lastKnownFileType = file.storyboard; name = Base; path = Base.lproj/Main.storyboard; sourceTree = "<group>"; };
		6A8AEAE52A8C73E500F1AFF7 /* Assets.xcassets */ = {isa = PBXFileReference; lastKnownFileType = folder.assetcatalog; path = Assets.xcassets; sourceTree = "<group>"; };
		6A8AEAE82A8C73E500F1AFF7 /* Base */ = {isa = PBXFileReference; lastKnownFileType = file.storyboard; name = Base; path = Base.lproj/LaunchScreen.storyboard; sourceTree = "<group>"; };
		6A8AEAEA2A8C73E500F1AFF7 /* Info.plist */ = {isa = PBXFileReference; lastKnownFileType = text.plist.xml; path = Info.plist; sourceTree = "<group>"; };
		6A8AEAEF2A8C73E500F1AFF7 /* SSLPinningCertsTests.xctest */ = {isa = PBXFileReference; explicitFileType = wrapper.cfbundle; includeInIndex = 0; path = SSLPinningCertsTests.xctest; sourceTree = BUILT_PRODUCTS_DIR; };
		6A8AEAF32A8C73E500F1AFF7 /* SSLPinningCertsTests.swift */ = {isa = PBXFileReference; lastKnownFileType = sourcecode.swift; path = SSLPinningCertsTests.swift; sourceTree = "<group>"; };
		6A8AEAF92A8C73E500F1AFF7 /* SSLPinningCertsUITests.xctest */ = {isa = PBXFileReference; explicitFileType = wrapper.cfbundle; includeInIndex = 0; path = SSLPinningCertsUITests.xctest; sourceTree = BUILT_PRODUCTS_DIR; };
		6A8AEAFD2A8C73E500F1AFF7 /* SSLPinningCertsUITests.swift */ = {isa = PBXFileReference; lastKnownFileType = sourcecode.swift; path = SSLPinningCertsUITests.swift; sourceTree = "<group>"; };
		6A8AEAFF2A8C73E500F1AFF7 /* SSLPinningCertsUITestsLaunchTests.swift */ = {isa = PBXFileReference; lastKnownFileType = sourcecode.swift; path = SSLPinningCertsUITestsLaunchTests.swift; sourceTree = "<group>"; };
		6A8AEB0C2A8C741700F1AFF7 /* NetworkManger.swift */ = {isa = PBXFileReference; lastKnownFileType = sourcecode.swift; path = NetworkManger.swift; sourceTree = "<group>"; };
		6A8AEB0E2A8C7D5C00F1AFF7 /* sni.cloudflaressl.com.cer */ = {isa = PBXFileReference; fileEncoding = 4; lastKnownFileType = text; path = sni.cloudflaressl.com.cer; sourceTree = "<group>"; };
/* End PBXFileReference section */

/* Begin PBXFrameworksBuildPhase section */
		6A8AEAD62A8C73E300F1AFF7 /* Frameworks */ = {
			isa = PBXFrameworksBuildPhase;
			buildActionMask = 2147483647;
			files = (
			);
			runOnlyForDeploymentPostprocessing = 0;
		};
		6A8AEAEC2A8C73E500F1AFF7 /* Frameworks */ = {
			isa = PBXFrameworksBuildPhase;
			buildActionMask = 2147483647;
			files = (
			);
			runOnlyForDeploymentPostprocessing = 0;
		};
		6A8AEAF62A8C73E500F1AFF7 /* Frameworks */ = {
			isa = PBXFrameworksBuildPhase;
			buildActionMask = 2147483647;
			files = (
			);
			runOnlyForDeploymentPostprocessing = 0;
		};
/* End PBXFrameworksBuildPhase section */

/* Begin PBXGroup section */
		6A8AEAD02A8C73E300F1AFF7 = {
			isa = PBXGroup;
			children = (
				6A8AEADB2A8C73E300F1AFF7 /* SSLPinningCerts */,
				6A8AEAF22A8C73E500F1AFF7 /* SSLPinningCertsTests */,
				6A8AEAFC2A8C73E500F1AFF7 /* SSLPinningCertsUITests */,
				6A8AEADA2A8C73E300F1AFF7 /* Products */,
			);
			sourceTree = "<group>";
		};
		6A8AEADA2A8C73E300F1AFF7 /* Products */ = {
			isa = PBXGroup;
			children = (
				6A8AEAD92A8C73E300F1AFF7 /* SSLPinningCerts.app */,
				6A8AEAEF2A8C73E500F1AFF7 /* SSLPinningCertsTests.xctest */,
				6A8AEAF92A8C73E500F1AFF7 /* SSLPinningCertsUITests.xctest */,
			);
			name = Products;
			sourceTree = "<group>";
		};
		6A8AEADB2A8C73E300F1AFF7 /* SSLPinningCerts */ = {
			isa = PBXGroup;
			children = (
				6A8AEADC2A8C73E300F1AFF7 /* AppDelegate.swift */,
				6A8AEADE2A8C73E300F1AFF7 /* SceneDelegate.swift */,
				6A8AEB0E2A8C7D5C00F1AFF7 /* sni.cloudflaressl.com.cer */,
				6A8AEB0C2A8C741700F1AFF7 /* NetworkManger.swift */,
				6A8AEAE02A8C73E300F1AFF7 /* ViewController.swift */,
				6A8AEAE22A8C73E300F1AFF7 /* Main.storyboard */,
				6A8AEAE52A8C73E500F1AFF7 /* Assets.xcassets */,
				6A8AEAE72A8C73E500F1AFF7 /* LaunchScreen.storyboard */,
				6A8AEAEA2A8C73E500F1AFF7 /* Info.plist */,
			);
			path = SSLPinningCerts;
			sourceTree = "<group>";
		};
		6A8AEAF22A8C73E500F1AFF7 /* SSLPinningCertsTests */ = {
			isa = PBXGroup;
			children = (
				6A8AEAF32A8C73E500F1AFF7 /* SSLPinningCertsTests.swift */,
			);
			path = SSLPinningCertsTests;
			sourceTree = "<group>";
		};
		6A8AEAFC2A8C73E500F1AFF7 /* SSLPinningCertsUITests */ = {
			isa = PBXGroup;
			children = (
				6A8AEAFD2A8C73E500F1AFF7 /* SSLPinningCertsUITests.swift */,
				6A8AEAFF2A8C73E500F1AFF7 /* SSLPinningCertsUITestsLaunchTests.swift */,
			);
			path = SSLPinningCertsUITests;
			sourceTree = "<group>";
		};
/* End PBXGroup section */

/* Begin PBXNativeTarget section */
		6A8AEAD82A8C73E300F1AFF7 /* SSLPinningCerts */ = {
			isa = PBXNativeTarget;
			buildConfigurationList = 6A8AEB032A8C73E500F1AFF7 /* Build configuration list for PBXNativeTarget "SSLPinningCerts" */;
			buildPhases = (
				6A8AEAD52A8C73E300F1AFF7 /* Sources */,
				6A8AEAD62A8C73E300F1AFF7 /* Frameworks */,
				6A8AEAD72A8C73E300F1AFF7 /* Resources */,
			);
			buildRules = (
			);
			dependencies = (
			);
			name = SSLPinningCerts;
			productName = SSLPinningCerts;
			productReference = 6A8AEAD92A8C73E300F1AFF7 /* SSLPinningCerts.app */;
			productType = "com.apple.product-type.application";
		};
		6A8AEAEE2A8C73E500F1AFF7 /* SSLPinningCertsTests */ = {
			isa = PBXNativeTarget;
			buildConfigurationList = 6A8AEB062A8C73E500F1AFF7 /* Build configuration list for PBXNativeTarget "SSLPinningCertsTests" */;
			buildPhases = (
				6A8AEAEB2A8C73E500F1AFF7 /* Sources */,
				6A8AEAEC2A8C73E500F1AFF7 /* Frameworks */,
				6A8AEAED2A8C73E500F1AFF7 /* Resources */,
			);
			buildRules = (
			);
			dependencies = (
				6A8AEAF12A8C73E500F1AFF7 /* PBXTargetDependency */,
			);
			name = SSLPinningCertsTests;
			productName = SSLPinningCertsTests;
			productReference = 6A8AEAEF2A8C73E500F1AFF7 /* SSLPinningCertsTests.xctest */;
			productType = "com.apple.product-type.bundle.unit-test";
		};
		6A8AEAF82A8C73E500F1AFF7 /* SSLPinningCertsUITests */ = {
			isa = PBXNativeTarget;
			buildConfigurationList = 6A8AEB092A8C73E500F1AFF7 /* Build configuration list for PBXNativeTarget "SSLPinningCertsUITests" */;
			buildPhases = (
				6A8AEAF52A8C73E500F1AFF7 /* Sources */,
				6A8AEAF62A8C73E500F1AFF7 /* Frameworks */,
				6A8AEAF72A8C73E500F1AFF7 /* Resources */,
			);
			buildRules = (
			);
			dependencies = (
				6A8AEAFB2A8C73E500F1AFF7 /* PBXTargetDependency */,
			);
			name = SSLPinningCertsUITests;
			productName = SSLPinningCertsUITests;
			productReference = 6A8AEAF92A8C73E500F1AFF7 /* SSLPinningCertsUITests.xctest */;
			productType = "com.apple.product-type.bundle.ui-testing";
		};
/* End PBXNativeTarget section */

/* Begin PBXProject section */
		6A8AEAD12A8C73E300F1AFF7 /* Project object */ = {
			isa = PBXProject;
			attributes = {
				BuildIndependentTargetsInParallel = 1;
				LastSwiftUpdateCheck = 1410;
				LastUpgradeCheck = 1410;
				TargetAttributes = {
					6A8AEAD82A8C73E300F1AFF7 = {
						CreatedOnToolsVersion = 14.1;
					};
					6A8AEAEE2A8C73E500F1AFF7 = {
						CreatedOnToolsVersion = 14.1;
						TestTargetID = 6A8AEAD82A8C73E300F1AFF7;
					};
					6A8AEAF82A8C73E500F1AFF7 = {
						CreatedOnToolsVersion = 14.1;
						TestTargetID = 6A8AEAD82A8C73E300F1AFF7;
					};
				};
			};
			buildConfigurationList = 6A8AEAD42A8C73E300F1AFF7 /* Build configuration list for PBXProject "SSLPinningCerts" */;
			compatibilityVersion = "Xcode 14.0";
			developmentRegion = en;
			hasScannedForEncodings = 0;
			knownRegions = (
				en,
				Base,
			);
			mainGroup = 6A8AEAD02A8C73E300F1AFF7;
			productRefGroup = 6A8AEADA2A8C73E300F1AFF7 /* Products */;
			projectDirPath = "";
			projectRoot = "";
			targets = (
				6A8AEAD82A8C73E300F1AFF7 /* SSLPinningCerts */,
				6A8AEAEE2A8C73E500F1AFF7 /* SSLPinningCertsTests */,
				6A8AEAF82A8C73E500F1AFF7 /* SSLPinningCertsUITests */,
			);
		};
/* End PBXProject section */

/* Begin PBXResourcesBuildPhase section */
		6A8AEAD72A8C73E300F1AFF7 /* Resources */ = {
			isa = PBXResourcesBuildPhase;
			buildActionMask = 2147483647;
			files = (
				6A8AEAE92A8C73E500F1AFF7 /* LaunchScreen.storyboard in Resources */,
				6A8AEB0F2A8C7D5C00F1AFF7 /* sni.cloudflaressl.com.cer in Resources */,
				6A8AEAE62A8C73E500F1AFF7 /* Assets.xcassets in Resources */,
				6A8AEAE42A8C73E300F1AFF7 /* Main.storyboard in Resources */,
			);
			runOnlyForDeploymentPostprocessing = 0;
		};
		6A8AEAED2A8C73E500F1AFF7 /* Resources */ = {
			isa = PBXResourcesBuildPhase;
			buildActionMask = 2147483647;
			files = (
			);
			runOnlyForDeploymentPostprocessing = 0;
		};
		6A8AEAF72A8C73E500F1AFF7 /* Resources */ = {
			isa = PBXResourcesBuildPhase;
			buildActionMask = 2147483647;
			files = (
			);
			runOnlyForDeploymentPostprocessing = 0;
		};
/* End PBXResourcesBuildPhase section */

/* Begin PBXSourcesBuildPhase section */
		6A8AEAD52A8C73E300F1AFF7 /* Sources */ = {
			isa = PBXSourcesBuildPhase;
			buildActionMask = 2147483647;
			files = (
				6A8AEAE12A8C73E300F1AFF7 /* ViewController.swift in Sources */,
				6A8AEADD2A8C73E300F1AFF7 /* AppDelegate.swift in Sources */,
				6A8AEB0D2A8C741700F1AFF7 /* NetworkManger.swift in Sources */,
				6A8AEADF2A8C73E300F1AFF7 /* SceneDelegate.swift in Sources */,
			);
			runOnlyForDeploymentPostprocessing = 0;
		};
		6A8AEAEB2A8C73E500F1AFF7 /* Sources */ = {
			isa = PBXSourcesBuildPhase;
			buildActionMask = 2147483647;
			files = (
				6A8AEAF42A8C73E500F1AFF7 /* SSLPinningCertsTests.swift in Sources */,
			);
			runOnlyForDeploymentPostprocessing = 0;
		};
		6A8AEAF52A8C73E500F1AFF7 /* Sources */ = {
			isa = PBXSourcesBuildPhase;
			buildActionMask = 2147483647;
			files = (
				6A8AEAFE2A8C73E500F1AFF7 /* SSLPinningCertsUITests.swift in Sources */,
				6A8AEB002A8C73E500F1AFF7 /* SSLPinningCertsUITestsLaunchTests.swift in Sources */,
			);
			runOnlyForDeploymentPostprocessing = 0;
		};
/* End PBXSourcesBuildPhase section */

/* Begin PBXTargetDependency section */
		6A8AEAF12A8C73E500F1AFF7 /* PBXTargetDependency */ = {
			isa = PBXTargetDependency;
			target = 6A8AEAD82A8C73E300F1AFF7 /* SSLPinningCerts */;
			targetProxy = 6A8AEAF02A8C73E500F1AFF7 /* PBXContainerItemProxy */;
		};
		6A8AEAFB2A8C73E500F1AFF7 /* PBXTargetDependency */ = {
			isa = PBXTargetDependency;
			target = 6A8AEAD82A8C73E300F1AFF7 /* SSLPinningCerts */;
			targetProxy = 6A8AEAFA2A8C73E500F1AFF7 /* PBXContainerItemProxy */;
		};
/* End PBXTargetDependency section */

/* Begin PBXVariantGroup section */
		6A8AEAE22A8C73E300F1AFF7 /* Main.storyboard */ = {
			isa = PBXVariantGroup;
			children = (
				6A8AEAE32A8C73E300F1AFF7 /* Base */,
			);
			name = Main.storyboard;
			sourceTree = "<group>";
		};
		6A8AEAE72A8C73E500F1AFF7 /* LaunchScreen.storyboard */ = {
			isa = PBXVariantGroup;
			children = (
				6A8AEAE82A8C73E500F1AFF7 /* Base */,
			);
			name = LaunchScreen.storyboard;
			sourceTree = "<group>";
		};
/* End PBXVariantGroup section */

/* Begin XCBuildConfiguration section */
		6A8AEB012A8C73E500F1AFF7 /* Debug */ = {
			isa = XCBuildConfiguration;
			buildSettings = {
				ALWAYS_SEARCH_USER_PATHS = NO;
				CLANG_ANALYZER_NONNULL = YES;
				CLANG_ANALYZER_NUMBER_OBJECT_CONVERSION = YES_AGGRESSIVE;
				CLANG_CXX_LANGUAGE_STANDARD = "gnu++20";
				CLANG_ENABLE_MODULES = YES;
				CLANG_ENABLE_OBJC_ARC = YES;
				CLANG_ENABLE_OBJC_WEAK = YES;
				CLANG_WARN_BLOCK_CAPTURE_AUTORELEASING = YES;
				CLANG_WARN_BOOL_CONVERSION = YES;
				CLANG_WARN_COMMA = YES;
				CLANG_WARN_CONSTANT_CONVERSION = YES;
				CLANG_WARN_DEPRECATED_OBJC_IMPLEMENTATIONS = YES;
				CLANG_WARN_DIRECT_OBJC_ISA_USAGE = YES_ERROR;
				CLANG_WARN_DOCUMENTATION_COMMENTS = YES;
				CLANG_WARN_EMPTY_BODY = YES;
				CLANG_WARN_ENUM_CONVERSION = YES;
				CLANG_WARN_INFINITE_RECURSION = YES;
				CLANG_WARN_INT_CONVERSION = YES;
				CLANG_WARN_NON_LITERAL_NULL_CONVERSION = YES;
				CLANG_WARN_OBJC_IMPLICIT_RETAIN_SELF = YES;
				CLANG_WARN_OBJC_LITERAL_CONVERSION = YES;
				CLANG_WARN_OBJC_ROOT_CLASS = YES_ERROR;
				CLANG_WARN_QUOTED_INCLUDE_IN_FRAMEWORK_HEADER = YES;
				CLANG_WARN_RANGE_LOOP_ANALYSIS = YES;
				CLANG_WARN_STRICT_PROTOTYPES = YES;
				CLANG_WARN_SUSPICIOUS_MOVE = YES;
				CLANG_WARN_UNGUARDED_AVAILABILITY = YES_AGGRESSIVE;
				CLANG_WARN_UNREACHABLE_CODE = YES;
				CLANG_WARN__DUPLICATE_METHOD_MATCH = YES;
				COPY_PHASE_STRIP = NO;
				DEBUG_INFORMATION_FORMAT = dwarf;
				ENABLE_STRICT_OBJC_MSGSEND = YES;
				ENABLE_TESTABILITY = YES;
				GCC_C_LANGUAGE_STANDARD = gnu11;
				GCC_DYNAMIC_NO_PIC = NO;
				GCC_NO_COMMON_BLOCKS = YES;
				GCC_OPTIMIZATION_LEVEL = 0;
				GCC_PREPROCESSOR_DEFINITIONS = (
					"DEBUG=1",
					"$(inherited)",
				);
				GCC_WARN_64_TO_32_BIT_CONVERSION = YES;
				GCC_WARN_ABOUT_RETURN_TYPE = YES_ERROR;
				GCC_WARN_UNDECLARED_SELECTOR = YES;
				GCC_WARN_UNINITIALIZED_AUTOS = YES_AGGRESSIVE;
				GCC_WARN_UNUSED_FUNCTION = YES;
				GCC_WARN_UNUSED_VARIABLE = YES;
				IPHONEOS_DEPLOYMENT_TARGET = 16.1;
				MTL_ENABLE_DEBUG_INFO = INCLUDE_SOURCE;
				MTL_FAST_MATH = YES;
				ONLY_ACTIVE_ARCH = YES;
				SDKROOT = iphoneos;
				SWIFT_ACTIVE_COMPILATION_CONDITIONS = DEBUG;
				SWIFT_OPTIMIZATION_LEVEL = "-Onone";
			};
			name = Debug;
		};
		6A8AEB022A8C73E500F1AFF7 /* Release */ = {
			isa = XCBuildConfiguration;
			buildSettings = {
				ALWAYS_SEARCH_USER_PATHS = NO;
				CLANG_ANALYZER_NONNULL = YES;
				CLANG_ANALYZER_NUMBER_OBJECT_CONVERSION = YES_AGGRESSIVE;
				CLANG_CXX_LANGUAGE_STANDARD = "gnu++20";
				CLANG_ENABLE_MODULES = YES;
				CLANG_ENABLE_OBJC_ARC = YES;
				CLANG_ENABLE_OBJC_WEAK = YES;
				CLANG_WARN_BLOCK_CAPTURE_AUTORELEASING = YES;
				CLANG_WARN_BOOL_CONVERSION = YES;
				CLANG_WARN_COMMA = YES;
				CLANG_WARN_CONSTANT_CONVERSION = YES;
				CLANG_WARN_DEPRECATED_OBJC_IMPLEMENTATIONS = YES;
				CLANG_WARN_DIRECT_OBJC_ISA_USAGE = YES_ERROR;
				CLANG_WARN_DOCUMENTATION_COMMENTS = YES;
				CLANG_WARN_EMPTY_BODY = YES;
				CLANG_WARN_ENUM_CONVERSION = YES;
				CLANG_WARN_INFINITE_RECURSION = YES;
				CLANG_WARN_INT_CONVERSION = YES;
				CLANG_WARN_NON_LITERAL_NULL_CONVERSION = YES;
				CLANG_WARN_OBJC_IMPLICIT_RETAIN_SELF = YES;
				CLANG_WARN_OBJC_LITERAL_CONVERSION = YES;
				CLANG_WARN_OBJC_ROOT_CLASS = YES_ERROR;
				CLANG_WARN_QUOTED_INCLUDE_IN_FRAMEWORK_HEADER = YES;
				CLANG_WARN_RANGE_LOOP_ANALYSIS = YES;
				CLANG_WARN_STRICT_PROTOTYPES = YES;
				CLANG_WARN_SUSPICIOUS_MOVE = YES;
				CLANG_WARN_UNGUARDED_AVAILABILITY = YES_AGGRESSIVE;
				CLANG_WARN_UNREACHABLE_CODE = YES;
				CLANG_WARN__DUPLICATE_METHOD_MATCH = YES;
				COPY_PHASE_STRIP = NO;
				DEBUG_INFORMATION_FORMAT = "dwarf-with-dsym";
				ENABLE_NS_ASSERTIONS = NO;
				ENABLE_STRICT_OBJC_MSGSEND = YES;
				GCC_C_LANGUAGE_STANDARD = gnu11;
				GCC_NO_COMMON_BLOCKS = YES;
				GCC_WARN_64_TO_32_BIT_CONVERSION = YES;
				GCC_WARN_ABOUT_RETURN_TYPE = YES_ERROR;
				GCC_WARN_UNDECLARED_SELECTOR = YES;
				GCC_WARN_UNINITIALIZED_AUTOS = YES_AGGRESSIVE;
				GCC_WARN_UNUSED_FUNCTION = YES;
				GCC_WARN_UNUSED_VARIABLE = YES;
				IPHONEOS_DEPLOYMENT_TARGET = 16.1;
				MTL_ENABLE_DEBUG_INFO = NO;
				MTL_FAST_MATH = YES;
				SDKROOT = iphoneos;
				SWIFT_COMPILATION_MODE = wholemodule;
				SWIFT_OPTIMIZATION_LEVEL = "-O";
				VALIDATE_PRODUCT = YES;
			};
			name = Release;
		};
		6A8AEB042A8C73E500F1AFF7 /* Debug */ = {
			isa = XCBuildConfiguration;
			buildSettings = {
				ASSETCATALOG_COMPILER_APPICON_NAME = AppIcon;
				ASSETCATALOG_COMPILER_GLOBAL_ACCENT_COLOR_NAME = AccentColor;
				CODE_SIGN_STYLE = Automatic;
				CURRENT_PROJECT_VERSION = 1;
				GENERATE_INFOPLIST_FILE = YES;
				INFOPLIST_FILE = SSLPinningCerts/Info.plist;
				INFOPLIST_KEY_UIApplicationSupportsIndirectInputEvents = YES;
				INFOPLIST_KEY_UILaunchStoryboardName = LaunchScreen;
				INFOPLIST_KEY_UIMainStoryboardFile = Main;
				INFOPLIST_KEY_UISupportedInterfaceOrientations_iPad = "UIInterfaceOrientationPortrait UIInterfaceOrientationPortraitUpsideDown UIInterfaceOrientationLandscapeLeft UIInterfaceOrientationLandscapeRight";
				INFOPLIST_KEY_UISupportedInterfaceOrientations_iPhone = "UIInterfaceOrientationPortrait UIInterfaceOrientationLandscapeLeft UIInterfaceOrientationLandscapeRight";
				IPHONEOS_DEPLOYMENT_TARGET = 14.1;
				LD_RUNPATH_SEARCH_PATHS = (
					"$(inherited)",
					"@executable_path/Frameworks",
				);
				MARKETING_VERSION = 1.0;
				PRODUCT_BUNDLE_IDENTIFIER = test.SSLPinningCerts;
				PRODUCT_NAME = "$(TARGET_NAME)";
				SUPPORTED_PLATFORMS = "iphoneos iphonesimulator";
				SUPPORTS_MACCATALYST = NO;
				SUPPORTS_MAC_DESIGNED_FOR_IPHONE_IPAD = NO;
				SWIFT_EMIT_LOC_STRINGS = YES;
				SWIFT_VERSION = 5.0;
				TARGETED_DEVICE_FAMILY = 1;
			};
			name = Debug;
		};
		6A8AEB052A8C73E500F1AFF7 /* Release */ = {
			isa = XCBuildConfiguration;
			buildSettings = {
				ASSETCATALOG_COMPILER_APPICON_NAME = AppIcon;
				ASSETCATALOG_COMPILER_GLOBAL_ACCENT_COLOR_NAME = AccentColor;
				CODE_SIGN_STYLE = Automatic;
				CURRENT_PROJECT_VERSION = 1;
				GENERATE_INFOPLIST_FILE = YES;
				INFOPLIST_FILE = SSLPinningCerts/Info.plist;
				INFOPLIST_KEY_UIApplicationSupportsIndirectInputEvents = YES;
				INFOPLIST_KEY_UILaunchStoryboardName = LaunchScreen;
				INFOPLIST_KEY_UIMainStoryboardFile = Main;
				INFOPLIST_KEY_UISupportedInterfaceOrientations_iPad = "UIInterfaceOrientationPortrait UIInterfaceOrientationPortraitUpsideDown UIInterfaceOrientationLandscapeLeft UIInterfaceOrientationLandscapeRight";
				INFOPLIST_KEY_UISupportedInterfaceOrientations_iPhone = "UIInterfaceOrientationPortrait UIInterfaceOrientationLandscapeLeft UIInterfaceOrientationLandscapeRight";
				IPHONEOS_DEPLOYMENT_TARGET = 14.1;
				LD_RUNPATH_SEARCH_PATHS = (
					"$(inherited)",
					"@executable_path/Frameworks",
				);
				MARKETING_VERSION = 1.0;
				PRODUCT_BUNDLE_IDENTIFIER = test.SSLPinningCerts;
				PRODUCT_NAME = "$(TARGET_NAME)";
				SUPPORTED_PLATFORMS = "iphoneos iphonesimulator";
				SUPPORTS_MACCATALYST = NO;
				SUPPORTS_MAC_DESIGNED_FOR_IPHONE_IPAD = NO;
				SWIFT_EMIT_LOC_STRINGS = YES;
				SWIFT_VERSION = 5.0;
				TARGETED_DEVICE_FAMILY = 1;
			};
			name = Release;
		};
		6A8AEB072A8C73E500F1AFF7 /* Debug */ = {
			isa = XCBuildConfiguration;
			buildSettings = {
				ALWAYS_EMBED_SWIFT_STANDARD_LIBRARIES = YES;
				BUNDLE_LOADER = "$(TEST_HOST)";
				CODE_SIGN_STYLE = Automatic;
				CURRENT_PROJECT_VERSION = 1;
				GENERATE_INFOPLIST_FILE = YES;
				IPHONEOS_DEPLOYMENT_TARGET = 16.1;
				MARKETING_VERSION = 1.0;
				PRODUCT_BUNDLE_IDENTIFIER = test.SSLPinningCertsTests;
				PRODUCT_NAME = "$(TARGET_NAME)";
				SWIFT_EMIT_LOC_STRINGS = NO;
				SWIFT_VERSION = 5.0;
				TARGETED_DEVICE_FAMILY = "1,2";
				TEST_HOST = "$(BUILT_PRODUCTS_DIR)/SSLPinningCerts.app/$(BUNDLE_EXECUTABLE_FOLDER_PATH)/SSLPinningCerts";
			};
			name = Debug;
		};
		6A8AEB082A8C73E500F1AFF7 /* Release */ = {
			isa = XCBuildConfiguration;
			buildSettings = {
				ALWAYS_EMBED_SWIFT_STANDARD_LIBRARIES = YES;
				BUNDLE_LOADER = "$(TEST_HOST)";
				CODE_SIGN_STYLE = Automatic;
				CURRENT_PROJECT_VERSION = 1;
				GENERATE_INFOPLIST_FILE = YES;
				IPHONEOS_DEPLOYMENT_TARGET = 16.1;
				MARKETING_VERSION = 1.0;
				PRODUCT_BUNDLE_IDENTIFIER = test.SSLPinningCertsTests;
				PRODUCT_NAME = "$(TARGET_NAME)";
				SWIFT_EMIT_LOC_STRINGS = NO;
				SWIFT_VERSION = 5.0;
				TARGETED_DEVICE_FAMILY = "1,2";
				TEST_HOST = "$(BUILT_PRODUCTS_DIR)/SSLPinningCerts.app/$(BUNDLE_EXECUTABLE_FOLDER_PATH)/SSLPinningCerts";
			};
			name = Release;
		};
		6A8AEB0A2A8C73E500F1AFF7 /* Debug */ = {
			isa = XCBuildConfiguration;
			buildSettings = {
				ALWAYS_EMBED_SWIFT_STANDARD_LIBRARIES = YES;
				CODE_SIGN_STYLE = Automatic;
				CURRENT_PROJECT_VERSION = 1;
				GENERATE_INFOPLIST_FILE = YES;
				MARKETING_VERSION = 1.0;
				PRODUCT_BUNDLE_IDENTIFIER = test.SSLPinningCertsUITests;
				PRODUCT_NAME = "$(TARGET_NAME)";
				SWIFT_EMIT_LOC_STRINGS = NO;
				SWIFT_VERSION = 5.0;
				TARGETED_DEVICE_FAMILY = "1,2";
				TEST_TARGET_NAME = SSLPinningCerts;
			};
			name = Debug;
		};
		6A8AEB0B2A8C73E500F1AFF7 /* Release */ = {
			isa = XCBuildConfiguration;
			buildSettings = {
				ALWAYS_EMBED_SWIFT_STANDARD_LIBRARIES = YES;
				CODE_SIGN_STYLE = Automatic;
				CURRENT_PROJECT_VERSION = 1;
				GENERATE_INFOPLIST_FILE = YES;
				MARKETING_VERSION = 1.0;
				PRODUCT_BUNDLE_IDENTIFIER = test.SSLPinningCertsUITests;
				PRODUCT_NAME = "$(TARGET_NAME)";
				SWIFT_EMIT_LOC_STRINGS = NO;
				SWIFT_VERSION = 5.0;
				TARGETED_DEVICE_FAMILY = "1,2";
				TEST_TARGET_NAME = SSLPinningCerts;
			};
			name = Release;
		};
/* End XCBuildConfiguration section */

/* Begin XCConfigurationList section */
		6A8AEAD42A8C73E300F1AFF7 /* Build configuration list for PBXProject "SSLPinningCerts" */ = {
			isa = XCConfigurationList;
			buildConfigurations = (
				6A8AEB012A8C73E500F1AFF7 /* Debug */,
				6A8AEB022A8C73E500F1AFF7 /* Release */,
			);
			defaultConfigurationIsVisible = 0;
			defaultConfigurationName = Release;
		};
		6A8AEB032A8C73E500F1AFF7 /* Build configuration list for PBXNativeTarget "SSLPinningCerts" */ = {
			isa = XCConfigurationList;
			buildConfigurations = (
				6A8AEB042A8C73E500F1AFF7 /* Debug */,
				6A8AEB052A8C73E500F1AFF7 /* Release */,
			);
			defaultConfigurationIsVisible = 0;
			defaultConfigurationName = Release;
		};
		6A8AEB062A8C73E500F1AFF7 /* Build configuration list for PBXNativeTarget "SSLPinningCertsTests" */ = {
			isa = XCConfigurationList;
			buildConfigurations = (
				6A8AEB072A8C73E500F1AFF7 /* Debug */,
				6A8AEB082A8C73E500F1AFF7 /* Release */,
			);
			defaultConfigurationIsVisible = 0;
			defaultConfigurationName = Release;
		};
		6A8AEB092A8C73E500F1AFF7 /* Build configuration list for PBXNativeTarget "SSLPinningCertsUITests" */ = {
			isa = XCConfigurationList;
			buildConfigurations = (
				6A8AEB0A2A8C73E500F1AFF7 /* Debug */,
				6A8AEB0B2A8C73E500F1AFF7 /* Release */,
			);
			defaultConfigurationIsVisible = 0;
			defaultConfigurationName = Release;
		};
/* End XCConfigurationList section */
	};
	rootObject = 6A8AEAD12A8C73E300F1AFF7 /* Project object */;
}
